
Microsoft Visual Studio Solution File, Format Version 12.00
# Visual Studio 15
VisualStudioVersion = 15.0.28307.572
MinimumVisualStudioVersion = 10.0.40219.1
Project("{FAE04EC0-301F-11D3-BF4B-00C04F79EFBC}") = "DairyReport", "DairyReport\DairyReport.csproj", "{6EBB4EE1-A1DC-44FE-A567-C36A4AD95BA0}"
EndProject
Project("{FAE04EC0-301F-11D3-BF4B-00C04F79EFBC}") = "DairyReport.Tests", "DairyReport.Tests\DairyReport.Tests.csproj", "{19E902B8-FDE2-477E-A008-6D668435A54C}"
EndProject
Global
	GlobalSection(SolutionConfigurationPlatforms) = preSolution
		Debug|Any CPU = Debug|Any CPU
		Release|Any CPU = Release|Any CPU
	EndGlobalSection
	GlobalSection(ProjectConfigurationPlatforms) = postSolution
		{6EBB4EE1-A1DC-44FE-A567-C36A4AD95BA0}.Debug|Any CPU.ActiveCfg = Debug|Any CPU
		{6EBB4EE1-A1DC-44FE-A567-C36A4AD95BA0}.Debug|Any CPU.Build.0 = Debug|Any CPU
		{6EBB4EE1-A1DC-44FE-A567-C36A4AD95BA0}.Release|Any CPU.ActiveCfg = Release|Any CPU
		{6EBB4EE1-A1DC-44FE-A567-C36A4AD95BA0}.Release|Any CPU.Build.0 = Release|Any CPU
		{19E902B8-FDE2-477E-A008-6D668435A54C}.Debug|Any CPU.ActiveCfg = Debug|Any CPU
		{19E902B8-FDE2-477E-A008-6D668435A54C}.Debug|Any CPU.Build.0 = Debug|Any CPU
		{19E902B8-FDE2-477E-A008-6D668435A54C}.Release|Any CPU.ActiveCfg = Release|Any CPU
		{19E902B8-FDE2-477E-A008-6D668435A54C}.Release|Any CPU.Build.0 = Release|Any CPU
	EndGlobalSection
	GlobalSection(SolutionProperties) = preSolution
		HideSolutionNode = FALSE
	EndGlobalSection
	GlobalSection(ExtensibilityGlobals) = postSolution
		SolutionGuid = {6FCFCF34-6E22-46C2-AA2F-5F7C77AB601D}
	EndGlobalSection
EndGlobal
